
Microsoft Visual Studio Solution File, Format Version 12.00
# Visual Studio Version 16
VisualStudioVersion = 16.0.32002.261
MinimumVisualStudioVersion = 10.0.40219.1
Project("{FAE04EC0-301F-11D3-BF4B-00C04F79EFBC}") = "sport-cast", "sport-cast.csproj", "{B68A02B5-586D-4B9C-90E4-5C9A5A069A8E}"
EndProject
Global
	GlobalSection(SolutionConfigurationPlatforms) = preSolution
		Debug|Any CPU = Debug|Any CPU
		Release|Any CPU = Release|Any CPU
	EndGlobalSection
	GlobalSection(ProjectConfigurationPlatforms) = postSolution
		{B68A02B5-586D-4B9C-90E4-5C9A5A069A8E}.Debug|Any CPU.ActiveCfg = Debug|Any CPU
		{B68A02B5-586D-4B9C-90E4-5C9A5A069A8E}.Debug|Any CPU.Build.0 = Debug|Any CPU
		{B68A02B5-586D-4B9C-90E4-5C9A5A069A8E}.Release|Any CPU.ActiveCfg = Release|Any CPU
		{B68A02B5-586D-4B9C-90E4-5C9A5A069A8E}.Release|Any CPU.Build.0 = Release|Any CPU
	EndGlobalSection
	GlobalSection(SolutionProperties) = preSolution
		HideSolutionNode = FALSE
	EndGlobalSection
	GlobalSection(ExtensibilityGlobals) = postSolution
		SolutionGuid = {1FF68159-1A98-4D4F-8022-6F4501F8AAA0}
	EndGlobalSection
EndGlobal
